
Microsoft Visual Studio Solution File, Format Version 12.00
# Visual Studio Version 17
VisualStudioVersion = 17.9.34622.214
MinimumVisualStudioVersion = 10.0.40219.1
Project("{FAE04EC0-301F-11D3-BF4B-00C04F79EFBC}") = "Presentation", "DuAn_RapChieuPhim\Presentation.csproj", "{733A8E33-F588-4CC9-9010-0E6AE9E060E7}"
	ProjectSection(ProjectDependencies) = postProject
		{4F8AD14C-674B-4397-9745-595ACA79ED5D} = {4F8AD14C-674B-4397-9745-595ACA79ED5D}
		{54732C03-69D7-4363-8E1B-B71D07A3F1D9} = {54732C03-69D7-4363-8E1B-B71D07A3F1D9}
	EndProjectSection
EndProject
Project("{FAE04EC0-301F-11D3-BF4B-00C04F79EFBC}") = "DataAccess", "DataAccess\DataAccess.csproj", "{68134DD0-AA26-4FC1-94D7-8C154828908E}"
EndProject
Project("{FAE04EC0-301F-11D3-BF4B-00C04F79EFBC}") = "Business", "Business\Business.csproj", "{54732C03-69D7-4363-8E1B-B71D07A3F1D9}"
EndProject
Project("{FAE04EC0-301F-11D3-BF4B-00C04F79EFBC}") = "DataTransferObject", "DataTransferObject\DataTransferObject.csproj", "{4F8AD14C-674B-4397-9745-595ACA79ED5D}"
EndProject
Global
	GlobalSection(SolutionConfigurationPlatforms) = preSolution
		Debug|Any CPU = Debug|Any CPU
		Release|Any CPU = Release|Any CPU
	EndGlobalSection
	GlobalSection(ProjectConfigurationPlatforms) = postSolution
		{733A8E33-F588-4CC9-9010-0E6AE9E060E7}.Debug|Any CPU.ActiveCfg = Debug|Any CPU
		{733A8E33-F588-4CC9-9010-0E6AE9E060E7}.Debug|Any CPU.Build.0 = Debug|Any CPU
		{733A8E33-F588-4CC9-9010-0E6AE9E060E7}.Release|Any CPU.ActiveCfg = Release|Any CPU
		{733A8E33-F588-4CC9-9010-0E6AE9E060E7}.Release|Any CPU.Build.0 = Release|Any CPU
		{68134DD0-AA26-4FC1-94D7-8C154828908E}.Debug|Any CPU.ActiveCfg = Debug|Any CPU
		{68134DD0-AA26-4FC1-94D7-8C154828908E}.Debug|Any CPU.Build.0 = Debug|Any CPU
		{68134DD0-AA26-4FC1-94D7-8C154828908E}.Release|Any CPU.ActiveCfg = Release|Any CPU
		{68134DD0-AA26-4FC1-94D7-8C154828908E}.Release|Any CPU.Build.0 = Release|Any CPU
		{54732C03-69D7-4363-8E1B-B71D07A3F1D9}.Debug|Any CPU.ActiveCfg = Debug|Any CPU
		{54732C03-69D7-4363-8E1B-B71D07A3F1D9}.Debug|Any CPU.Build.0 = Debug|Any CPU
		{54732C03-69D7-4363-8E1B-B71D07A3F1D9}.Release|Any CPU.ActiveCfg = Release|Any CPU
		{54732C03-69D7-4363-8E1B-B71D07A3F1D9}.Release|Any CPU.Build.0 = Release|Any CPU
		{4F8AD14C-674B-4397-9745-595ACA79ED5D}.Debug|Any CPU.ActiveCfg = Debug|Any CPU
		{4F8AD14C-674B-4397-9745-595ACA79ED5D}.Debug|Any CPU.Build.0 = Debug|Any CPU
		{4F8AD14C-674B-4397-9745-595ACA79ED5D}.Release|Any CPU.ActiveCfg = Release|Any CPU
		{4F8AD14C-674B-4397-9745-595ACA79ED5D}.Release|Any CPU.Build.0 = Release|Any CPU
	EndGlobalSection
	GlobalSection(SolutionProperties) = preSolution
		HideSolutionNode = FALSE
	EndGlobalSection
	GlobalSection(ExtensibilityGlobals) = postSolution
		SolutionGuid = {E8FFB7C3-DEF3-4218-95F2-56A9B447FD46}
	EndGlobalSection
EndGlobal
